{
  "name": "ast1",
  "version": "1.0.0",
  "lockfileVersion": 3,
  "requires": true,
  "packages": {
    "": {
      "name": "ast1",
      "version": "1.0.0",
      "license": "ISC",
      "dependencies": {
        "astring": "^1.8.6",
        "cherow": "^1.6.9",
        "espree": "^9.6.1",
        "estree-to-babel": "^8.1.1"
      }
    },
    "node_modules/@putout/babel": {
      "version": "1.5.5",
      "resolved": "https://registry.npmmirror.com/@putout/babel/-/babel-1.5.5.tgz",
      "integrity": "sha512-9o5BpKMUuP12V++FvBOCzZvi4J6klcdUhJdmbRr9nbd+KD/w5UPSBJ5jeakqI/IyxyItBJUlpBg/2irE/4nixg==",
      "engines": {
        "node": ">=16"
      }
    },
    "node_modules/acorn": {
      "version": "8.11.2",
      "resolved": "https://registry.npmmirror.com/acorn/-/acorn-8.11.2.tgz",
      "integrity": "sha512-nc0Axzp/0FILLEVsm4fNwLCwMttvhEI263QtVPQcbpfZZ3ts0hLsZGOpE6czNlid7CJ9MlyH8reXkpsf3YUY4w==",
      "bin": {
        "acorn": "bin/acorn"
      },
      "engines": {
        "node": ">=0.4.0"
      }
    },
    "node_modules/acorn-jsx": {
      "version": "5.3.2",
      "resolved": "https://registry.npmmirror.com/acorn-jsx/-/acorn-jsx-5.3.2.tgz",
      "integrity": "sha512-rq9s+JNhf0IChjtDXxllJ7g41oZk5SlXtp0LHwyA5cejwn7vKmKp4pPri6YEePv2PU65sAsegbXtIinmDFDXgQ==",
      "peerDependencies": {
        "acorn": "^6.0.0 || ^7.0.0 || ^8.0.0"
      }
    },
    "node_modules/astring": {
      "version": "1.8.6",
      "resolved": "https://registry.npmmirror.com/astring/-/astring-1.8.6.tgz",
      "integrity": "sha512-ISvCdHdlTDlH5IpxQJIex7BWBywFWgjJSVdwst+/iQCoEYnyOaQ95+X1JGshuBjGp6nxKUy1jMgE3zPqN7fQdg==",
      "bin": {
        "astring": "bin/astring"
      }
    },
    "node_modules/cherow": {
      "version": "1.6.9",
      "resolved": "https://registry.npmmirror.com/cherow/-/cherow-1.6.9.tgz",
      "integrity": "sha512-pmmkpIQRcnDA7EawKcg9+ncSZNTYfXqDx+K3oqqYvpZlqVBChjTomTfw+hePnkqYR3Y013818c0R1Q5P/7PGrQ=="
    },
    "node_modules/eslint-visitor-keys": {
      "version": "3.4.3",
      "resolved": "https://registry.npmmirror.com/eslint-visitor-keys/-/eslint-visitor-keys-3.4.3.tgz",
      "integrity": "sha512-wpc+LXeiyiisxPlEkUzU6svyS1frIO3Mgxj1fdy7Pm8Ygzguax2N3Fa/D/ag1WqbOprdI+uY6wMUl8/a2G+iag==",
      "engines": {
        "node": "^12.22.0 || ^14.17.0 || >=16.0.0"
      }
    },
    "node_modules/espree": {
      "version": "9.6.1",
      "resolved": "https://registry.npmmirror.com/espree/-/espree-9.6.1.tgz",
      "integrity": "sha512-oruZaFkjorTpF32kDSI5/75ViwGeZginGGy2NoOSg3Q9bnwlnmDm4HLnkl0RE3n+njDXR037aY1+x58Z/zFdwQ==",
      "dependencies": {
        "acorn": "^8.9.0",
        "acorn-jsx": "^5.3.2",
        "eslint-visitor-keys": "^3.4.1"
      },
      "engines": {
        "node": "^12.22.0 || ^14.17.0 || >=16.0.0"
      }
    },
    "node_modules/estree-to-babel": {
      "version": "8.1.1",
      "resolved": "https://registry.npmmirror.com/estree-to-babel/-/estree-to-babel-8.1.1.tgz",
      "integrity": "sha512-AhtFD37Fulol0NRDpuwAuC0xG52Gbt9jx3WVFPKgZ15caoOWctQfTEpt529qkoNwoC5tpCDGKSEWWFET9/eVwQ==",
      "dependencies": {
        "@putout/babel": "^1.1.1"
      },
      "engines": {
        "node": ">=16"
      }
    }
  }
}
